// !$*UTF8*$!
{
	archiveVersion = 1;
	classes = {
	};
	objectVersion = 46;
	objects = {

/* Begin PBXBuildFile section */
		3F00988A1D3EF97A00F93F32 /* Despesa+CoreDataProperties.swift in Sources */ = {isa = PBXBuildFile; fileRef = 3F0098801D3EF97A00F93F32 /* Despesa+CoreDataProperties.swift */; };
		3F00988B1D3EF97A00F93F32 /* Despesa.swift in Sources */ = {isa = PBXBuildFile; fileRef = 3F0098811D3EF97A00F93F32 /* Despesa.swift */; };
		3F00988C1D3EF97A00F93F32 /* Conta+CoreDataProperties.swift in Sources */ = {isa = PBXBuildFile; fileRef = 3F0098821D3EF97A00F93F32 /* Conta+CoreDataProperties.swift */; };
		3F00988D1D3EF97A00F93F32 /* Conta.swift in Sources */ = {isa = PBXBuildFile; fileRef = 3F0098831D3EF97A00F93F32 /* Conta.swift */; };
		3F00988E1D3EF97A00F93F32 /* Moeda+CoreDataProperties.swift in Sources */ = {isa = PBXBuildFile; fileRef = 3F0098841D3EF97A00F93F32 /* Moeda+CoreDataProperties.swift */; };
		3F00988F1D3EF97A00F93F32 /* Moeda.swift in Sources */ = {isa = PBXBuildFile; fileRef = 3F0098851D3EF97A00F93F32 /* Moeda.swift */; };
		3F0098901D3EF97A00F93F32 /* Receita+CoreDataProperties.swift in Sources */ = {isa = PBXBuildFile; fileRef = 3F0098861D3EF97A00F93F32 /* Receita+CoreDataProperties.swift */; };
		3F0098911D3EF97A00F93F32 /* Receita.swift in Sources */ = {isa = PBXBuildFile; fileRef = 3F0098871D3EF97A00F93F32 /* Receita.swift */; };
		3F0098921D3EF97A00F93F32 /* Usuario+CoreDataProperties.swift in Sources */ = {isa = PBXBuildFile; fileRef = 3F0098881D3EF97A00F93F32 /* Usuario+CoreDataProperties.swift */; };
		3F0098931D3EF97A00F93F32 /* Usuario.swift in Sources */ = {isa = PBXBuildFile; fileRef = 3F0098891D3EF97A00F93F32 /* Usuario.swift */; };
		3F0098941D3EF9A900F93F32 /* DespesaDAO.swift in Sources */ = {isa = PBXBuildFile; fileRef = 3FF930F61D3D944900EE3B12 /* DespesaDAO.swift */; };
		3F0098951D3EF9A900F93F32 /* MoedaDAO.swift in Sources */ = {isa = PBXBuildFile; fileRef = 3FF930F81D3D95D100EE3B12 /* MoedaDAO.swift */; };
		3F0098961D3EF9A900F93F32 /* ReceitaDAO.swift in Sources */ = {isa = PBXBuildFile; fileRef = 3FF930FC1D3D979B00EE3B12 /* ReceitaDAO.swift */; };
		3F0098971D3EF9A900F93F32 /* UsuarioDAO.swift in Sources */ = {isa = PBXBuildFile; fileRef = 3FF930FA1D3D96B200EE3B12 /* UsuarioDAO.swift */; };
		3F0098981D3EF9A900F93F32 /* ContaDAO.swift in Sources */ = {isa = PBXBuildFile; fileRef = 3FF930FE1D3D985900EE3B12 /* ContaDAO.swift */; };
		3F0F6ED21D4027910041B0B5 /* Charts.framework in Frameworks */ = {isa = PBXBuildFile; fileRef = 3F0F6ECB1D4027790041B0B5 /* Charts.framework */; };
		3F0F6ED31D4027910041B0B5 /* Charts.framework in Embed Frameworks */ = {isa = PBXBuildFile; fileRef = 3F0F6ECB1D4027790041B0B5 /* Charts.framework */; settings = {ATTRIBUTES = (CodeSignOnCopy, RemoveHeadersOnCopy, ); }; };
		3FB3D3D51D402D2500F76DA6 /* MoedaTipo.swift in Sources */ = {isa = PBXBuildFile; fileRef = 3FB3D3D41D402D2500F76DA6 /* MoedaTipo.swift */; };
		3FB3D3DA1D402DEC00F76DA6 /* GestaoFinanceiraProtocol.swift in Sources */ = {isa = PBXBuildFile; fileRef = 3FB3D3D91D402DEC00F76DA6 /* GestaoFinanceiraProtocol.swift */; };
		3FB3D3DC1D402E7300F76DA6 /* ContaProtocol.swift in Sources */ = {isa = PBXBuildFile; fileRef = 3FB3D3DB1D402E7300F76DA6 /* ContaProtocol.swift */; };
		3FB3D3DE1D402EAF00F76DA6 /* UsuarioApp.swift in Sources */ = {isa = PBXBuildFile; fileRef = 3FB3D3DD1D402EAF00F76DA6 /* UsuarioApp.swift */; };
		3FB3D3E01D402F6D00F76DA6 /* GestaoReceita.swift in Sources */ = {isa = PBXBuildFile; fileRef = 3FB3D3DF1D402F6D00F76DA6 /* GestaoReceita.swift */; };
		3FB3D3E21D40305500F76DA6 /* GestaoDespesa.swift in Sources */ = {isa = PBXBuildFile; fileRef = 3FB3D3E11D40305500F76DA6 /* GestaoDespesa.swift */; };
		3FB3D3E41D40317500F76DA6 /* ContaApp.swift in Sources */ = {isa = PBXBuildFile; fileRef = 3FB3D3E31D40317500F76DA6 /* ContaApp.swift */; };
		3FC86EBD1D3D92AC006E5AD7 /* PrincipalTableViewController.swift in Sources */ = {isa = PBXBuildFile; fileRef = 3FC86EBC1D3D92AC006E5AD7 /* PrincipalTableViewController.swift */; };
		3FC86EBF1D3D9351006E5AD7 /* PrincipalTableViewCell.swift in Sources */ = {isa = PBXBuildFile; fileRef = 3FC86EBE1D3D9351006E5AD7 /* PrincipalTableViewCell.swift */; };
		3FDCAE561D3ED5E900F825CE /* ChartsViewController.swift in Sources */ = {isa = PBXBuildFile; fileRef = 3FDCAE551D3ED5E900F825CE /* ChartsViewController.swift */; };
		3FDCAEC41D3EE2CA00F825CE /* BTNavigationDropdownMenu.bundle in Resources */ = {isa = PBXBuildFile; fileRef = 3FDCAEC21D3EE2CA00F825CE /* BTNavigationDropdownMenu.bundle */; };
		3FDCAEC51D3EE2CA00F825CE /* BTNavigationDropdownMenu.swift in Sources */ = {isa = PBXBuildFile; fileRef = 3FDCAEC31D3EE2CA00F825CE /* BTNavigationDropdownMenu.swift */; };
		3FF42B2F1D3D889C00839B88 /* Principal.storyboard in Resources */ = {isa = PBXBuildFile; fileRef = 3FF42B2E1D3D889C00839B88 /* Principal.storyboard */; };
		3FF930961D3D7FC100EE3B12 /* AppDelegate.swift in Sources */ = {isa = PBXBuildFile; fileRef = 3FF930951D3D7FC100EE3B12 /* AppDelegate.swift */; };
		3FF930981D3D7FC100EE3B12 /* ViewController.swift in Sources */ = {isa = PBXBuildFile; fileRef = 3FF930971D3D7FC100EE3B12 /* ViewController.swift */; };
		3FF9309B1D3D7FC100EE3B12 /* Main.storyboard in Resources */ = {isa = PBXBuildFile; fileRef = 3FF930991D3D7FC100EE3B12 /* Main.storyboard */; };
		3FF9309E1D3D7FC100EE3B12 /* iMoney.xcdatamodeld in Sources */ = {isa = PBXBuildFile; fileRef = 3FF9309C1D3D7FC100EE3B12 /* iMoney.xcdatamodeld */; };
		3FF930A01D3D7FC100EE3B12 /* Assets.xcassets in Resources */ = {isa = PBXBuildFile; fileRef = 3FF9309F1D3D7FC100EE3B12 /* Assets.xcassets */; };
		3FF930A31D3D7FC100EE3B12 /* LaunchScreen.storyboard in Resources */ = {isa = PBXBuildFile; fileRef = 3FF930A11D3D7FC100EE3B12 /* LaunchScreen.storyboard */; };
/* End PBXBuildFile section */

/* Begin PBXContainerItemProxy section */
		3F0F6ECA1D4027790041B0B5 /* PBXContainerItemProxy */ = {
			isa = PBXContainerItemProxy;
			containerPortal = 3F0F6EC31D4027790041B0B5 /* Charts.xcodeproj */;
			proxyType = 2;
			remoteGlobalIDString = 5BA8EC401A9D14DC00CE82E1;
			remoteInfo = "Charts-iOS";
		};
		3F0F6ECC1D4027790041B0B5 /* PBXContainerItemProxy */ = {
			isa = PBXContainerItemProxy;
			containerPortal = 3F0F6EC31D4027790041B0B5 /* Charts.xcodeproj */;
			proxyType = 2;
			remoteGlobalIDString = A52C5C371BAC5CA400594CDD;
			remoteInfo = "Charts-TV";
		};
		3F0F6ECE1D4027790041B0B5 /* PBXContainerItemProxy */ = {
			isa = PBXContainerItemProxy;
			containerPortal = 3F0F6EC31D4027790041B0B5 /* Charts.xcodeproj */;
			proxyType = 2;
			remoteGlobalIDString = 65B3F5BF1C7370BE000983D0;
			remoteInfo = "Charts-OSX";
		};
		3F0F6ED01D4027790041B0B5 /* PBXContainerItemProxy */ = {
			isa = PBXContainerItemProxy;
			containerPortal = 3F0F6EC31D4027790041B0B5 /* Charts.xcodeproj */;
			proxyType = 2;
			remoteGlobalIDString = 06AEE7A21BDC3F8B009875AE;
			remoteInfo = ChartsTests;
		};
		3F0F6ED41D4027920041B0B5 /* PBXContainerItemProxy */ = {
			isa = PBXContainerItemProxy;
			containerPortal = 3F0F6EC31D4027790041B0B5 /* Charts.xcodeproj */;
			proxyType = 1;
			remoteGlobalIDString = 5BA8EC3F1A9D14DC00CE82E1;
			remoteInfo = "Charts-iOS";
		};
/* End PBXContainerItemProxy section */

/* Begin PBXCopyFilesBuildPhase section */
		3FDCAE541D3ED55900F825CE /* Embed Frameworks */ = {
			isa = PBXCopyFilesBuildPhase;
			buildActionMask = 2147483647;
			dstPath = "";
			dstSubfolderSpec = 10;
			files = (
				3F0F6ED31D4027910041B0B5 /* Charts.framework in Embed Frameworks */,
			);
			name = "Embed Frameworks";
			runOnlyForDeploymentPostprocessing = 0;
		};
		3FDCAE6E1D3EDB1C00F825CE /* Embed PlugIns */ = {
			isa = PBXCopyFilesBuildPhase;
			buildActionMask = 2147483647;
			dstPath = "";
			dstSubfolderSpec = 13;
			files = (
			);
			name = "Embed PlugIns";
			runOnlyForDeploymentPostprocessing = 0;
		};
/* End PBXCopyFilesBuildPhase section */

/* Begin PBXFileReference section */
		3F0098801D3EF97A00F93F32 /* Despesa+CoreDataProperties.swift */ = {isa = PBXFileReference; fileEncoding = 4; lastKnownFileType = sourcecode.swift; path = "Despesa+CoreDataProperties.swift"; sourceTree = "<group>"; };
		3F0098811D3EF97A00F93F32 /* Despesa.swift */ = {isa = PBXFileReference; fileEncoding = 4; lastKnownFileType = sourcecode.swift; path = Despesa.swift; sourceTree = "<group>"; };
		3F0098821D3EF97A00F93F32 /* Conta+CoreDataProperties.swift */ = {isa = PBXFileReference; fileEncoding = 4; lastKnownFileType = sourcecode.swift; path = "Conta+CoreDataProperties.swift"; sourceTree = "<group>"; };
		3F0098831D3EF97A00F93F32 /* Conta.swift */ = {isa = PBXFileReference; fileEncoding = 4; lastKnownFileType = sourcecode.swift; path = Conta.swift; sourceTree = "<group>"; };
		3F0098841D3EF97A00F93F32 /* Moeda+CoreDataProperties.swift */ = {isa = PBXFileReference; fileEncoding = 4; lastKnownFileType = sourcecode.swift; path = "Moeda+CoreDataProperties.swift"; sourceTree = "<group>"; };
		3F0098851D3EF97A00F93F32 /* Moeda.swift */ = {isa = PBXFileReference; fileEncoding = 4; lastKnownFileType = sourcecode.swift; path = Moeda.swift; sourceTree = "<group>"; };
		3F0098861D3EF97A00F93F32 /* Receita+CoreDataProperties.swift */ = {isa = PBXFileReference; fileEncoding = 4; lastKnownFileType = sourcecode.swift; path = "Receita+CoreDataProperties.swift"; sourceTree = "<group>"; };
		3F0098871D3EF97A00F93F32 /* Receita.swift */ = {isa = PBXFileReference; fileEncoding = 4; lastKnownFileType = sourcecode.swift; path = Receita.swift; sourceTree = "<group>"; };
		3F0098881D3EF97A00F93F32 /* Usuario+CoreDataProperties.swift */ = {isa = PBXFileReference; fileEncoding = 4; lastKnownFileType = sourcecode.swift; path = "Usuario+CoreDataProperties.swift"; sourceTree = "<group>"; };
		3F0098891D3EF97A00F93F32 /* Usuario.swift */ = {isa = PBXFileReference; fileEncoding = 4; lastKnownFileType = sourcecode.swift; path = Usuario.swift; sourceTree = "<group>"; };
		3F0F6EC31D4027790041B0B5 /* Charts.xcodeproj */ = {isa = PBXFileReference; lastKnownFileType = "wrapper.pb-project"; name = Charts.xcodeproj; path = Charts/Charts.xcodeproj; sourceTree = "<group>"; };
		3FB3D3D41D402D2500F76DA6 /* MoedaTipo.swift */ = {isa = PBXFileReference; fileEncoding = 4; lastKnownFileType = sourcecode.swift; path = MoedaTipo.swift; sourceTree = "<group>"; };
		3FB3D3D91D402DEC00F76DA6 /* GestaoFinanceiraProtocol.swift */ = {isa = PBXFileReference; fileEncoding = 4; lastKnownFileType = sourcecode.swift; path = GestaoFinanceiraProtocol.swift; sourceTree = "<group>"; };
		3FB3D3DB1D402E7300F76DA6 /* ContaProtocol.swift */ = {isa = PBXFileReference; fileEncoding = 4; lastKnownFileType = sourcecode.swift; path = ContaProtocol.swift; sourceTree = "<group>"; };
		3FB3D3DD1D402EAF00F76DA6 /* UsuarioApp.swift */ = {isa = PBXFileReference; fileEncoding = 4; lastKnownFileType = sourcecode.swift; path = UsuarioApp.swift; sourceTree = "<group>"; };
		3FB3D3DF1D402F6D00F76DA6 /* GestaoReceita.swift */ = {isa = PBXFileReference; fileEncoding = 4; lastKnownFileType = sourcecode.swift; path = GestaoReceita.swift; sourceTree = "<group>"; };
		3FB3D3E11D40305500F76DA6 /* GestaoDespesa.swift */ = {isa = PBXFileReference; fileEncoding = 4; lastKnownFileType = sourcecode.swift; path = GestaoDespesa.swift; sourceTree = "<group>"; };
		3FB3D3E31D40317500F76DA6 /* ContaApp.swift */ = {isa = PBXFileReference; fileEncoding = 4; lastKnownFileType = sourcecode.swift; path = ContaApp.swift; sourceTree = "<group>"; };
		3FC86EBC1D3D92AC006E5AD7 /* PrincipalTableViewController.swift */ = {isa = PBXFileReference; fileEncoding = 4; lastKnownFileType = sourcecode.swift; path = PrincipalTableViewController.swift; sourceTree = "<group>"; };
		3FC86EBE1D3D9351006E5AD7 /* PrincipalTableViewCell.swift */ = {isa = PBXFileReference; fileEncoding = 4; lastKnownFileType = sourcecode.swift; path = PrincipalTableViewCell.swift; sourceTree = "<group>"; };
		3FDCAE551D3ED5E900F825CE /* ChartsViewController.swift */ = {isa = PBXFileReference; fileEncoding = 4; lastKnownFileType = sourcecode.swift; path = ChartsViewController.swift; sourceTree = "<group>"; };
		3FDCAEC21D3EE2CA00F825CE /* BTNavigationDropdownMenu.bundle */ = {isa = PBXFileReference; lastKnownFileType = "wrapper.plug-in"; path = BTNavigationDropdownMenu.bundle; sourceTree = "<group>"; };
		3FDCAEC31D3EE2CA00F825CE /* BTNavigationDropdownMenu.swift */ = {isa = PBXFileReference; fileEncoding = 4; lastKnownFileType = sourcecode.swift; path = BTNavigationDropdownMenu.swift; sourceTree = "<group>"; };
		3FF42B2E1D3D889C00839B88 /* Principal.storyboard */ = {isa = PBXFileReference; fileEncoding = 4; lastKnownFileType = file.storyboard; path = Principal.storyboard; sourceTree = "<group>"; };
		3FF930921D3D7FC100EE3B12 /* iMoney.app */ = {isa = PBXFileReference; explicitFileType = wrapper.application; includeInIndex = 0; path = iMoney.app; sourceTree = BUILT_PRODUCTS_DIR; };
		3FF930951D3D7FC100EE3B12 /* AppDelegate.swift */ = {isa = PBXFileReference; lastKnownFileType = sourcecode.swift; path = AppDelegate.swift; sourceTree = "<group>"; };
		3FF930971D3D7FC100EE3B12 /* ViewController.swift */ = {isa = PBXFileReference; lastKnownFileType = sourcecode.swift; path = ViewController.swift; sourceTree = "<group>"; };
		3FF9309A1D3D7FC100EE3B12 /* Base */ = {isa = PBXFileReference; lastKnownFileType = file.storyboard; name = Base; path = Base.lproj/Main.storyboard; sourceTree = "<group>"; };
		3FF9309D1D3D7FC100EE3B12 /* iMoney.xcdatamodel */ = {isa = PBXFileReference; lastKnownFileType = wrapper.xcdatamodel; path = iMoney.xcdatamodel; sourceTree = "<group>"; };
		3FF9309F1D3D7FC100EE3B12 /* Assets.xcassets */ = {isa = PBXFileReference; lastKnownFileType = folder.assetcatalog; path = Assets.xcassets; sourceTree = "<group>"; };
		3FF930A21D3D7FC100EE3B12 /* Base */ = {isa = PBXFileReference; lastKnownFileType = file.storyboard; name = Base; path = Base.lproj/LaunchScreen.storyboard; sourceTree = "<group>"; };
		3FF930A41D3D7FC100EE3B12 /* Info.plist */ = {isa = PBXFileReference; lastKnownFileType = text.plist.xml; path = Info.plist; sourceTree = "<group>"; };
		3FF930F61D3D944900EE3B12 /* DespesaDAO.swift */ = {isa = PBXFileReference; fileEncoding = 4; lastKnownFileType = sourcecode.swift; path = DespesaDAO.swift; sourceTree = "<group>"; };
		3FF930F81D3D95D100EE3B12 /* MoedaDAO.swift */ = {isa = PBXFileReference; fileEncoding = 4; lastKnownFileType = sourcecode.swift; path = MoedaDAO.swift; sourceTree = "<group>"; };
		3FF930FA1D3D96B200EE3B12 /* UsuarioDAO.swift */ = {isa = PBXFileReference; fileEncoding = 4; lastKnownFileType = sourcecode.swift; path = UsuarioDAO.swift; sourceTree = "<group>"; };
		3FF930FC1D3D979B00EE3B12 /* ReceitaDAO.swift */ = {isa = PBXFileReference; fileEncoding = 4; lastKnownFileType = sourcecode.swift; path = ReceitaDAO.swift; sourceTree = "<group>"; };
		3FF930FE1D3D985900EE3B12 /* ContaDAO.swift */ = {isa = PBXFileReference; fileEncoding = 4; lastKnownFileType = sourcecode.swift; path = ContaDAO.swift; sourceTree = "<group>"; };
/* End PBXFileReference section */

/* Begin PBXFrameworksBuildPhase section */
		3FF9308F1D3D7FC100EE3B12 /* Frameworks */ = {
			isa = PBXFrameworksBuildPhase;
			buildActionMask = 2147483647;
			files = (
				3F0F6ED21D4027910041B0B5 /* Charts.framework in Frameworks */,
			);
			runOnlyForDeploymentPostprocessing = 0;
		};
/* End PBXFrameworksBuildPhase section */

/* Begin PBXGroup section */
		3F0F6EC41D4027790041B0B5 /* Products */ = {
			isa = PBXGroup;
			children = (
				3F0F6ECB1D4027790041B0B5 /* Charts.framework */,
				3F0F6ECD1D4027790041B0B5 /* Charts.framework */,
				3F0F6ECF1D4027790041B0B5 /* Charts.framework */,
				3F0F6ED11D4027790041B0B5 /* ChartsTests.xctest */,
			);
			name = Products;
			sourceTree = "<group>";
		};
		3FB3D3E51D40400600F76DA6 /* OOP */ = {
			isa = PBXGroup;
			children = (
				3FB3D3D41D402D2500F76DA6 /* MoedaTipo.swift */,
				3FB3D3D91D402DEC00F76DA6 /* GestaoFinanceiraProtocol.swift */,
				3FB3D3DB1D402E7300F76DA6 /* ContaProtocol.swift */,
				3FB3D3DD1D402EAF00F76DA6 /* UsuarioApp.swift */,
				3FB3D3DF1D402F6D00F76DA6 /* GestaoReceita.swift */,
				3FB3D3E11D40305500F76DA6 /* GestaoDespesa.swift */,
				3FB3D3E31D40317500F76DA6 /* ContaApp.swift */,
			);
			name = OOP;
			sourceTree = "<group>";
		};
		3FDCAEC11D3EE29A00F825CE /* Source */ = {
			isa = PBXGroup;
			children = (
				3FDCAEC21D3EE2CA00F825CE /* BTNavigationDropdownMenu.bundle */,
				3FDCAEC31D3EE2CA00F825CE /* BTNavigationDropdownMenu.swift */,
			);
			name = Source;
			sourceTree = "<group>";
		};
		3FF930891D3D7FC100EE3B12 = {
			isa = PBXGroup;
			children = (
				3F0F6EC31D4027790041B0B5 /* Charts.xcodeproj */,
				3FDCAEC11D3EE29A00F825CE /* Source */,
				3FF930941D3D7FC100EE3B12 /* iMoney */,
				3FF930931D3D7FC100EE3B12 /* Products */,
			);
			sourceTree = "<group>";
		};
		3FF930931D3D7FC100EE3B12 /* Products */ = {
			isa = PBXGroup;
			children = (
				3FF930921D3D7FC100EE3B12 /* iMoney.app */,
			);
			name = Products;
			sourceTree = "<group>";
		};
		3FF930941D3D7FC100EE3B12 /* iMoney */ = {
			isa = PBXGroup;
			children = (
				3FF930AD1D3D833F00EE3B12 /* Controller */,
				3FF930AC1D3D833600EE3B12 /* View */,
				3FF930AB1D3D832C00EE3B12 /* Model */,
				3FF930951D3D7FC100EE3B12 /* AppDelegate.swift */,
				3FF9309F1D3D7FC100EE3B12 /* Assets.xcassets */,
				3FF930A41D3D7FC100EE3B12 /* Info.plist */,
			);
			path = iMoney;
			sourceTree = "<group>";
		};
		3FF930AB1D3D832C00EE3B12 /* Model */ = {
			isa = PBXGroup;
			children = (
				3FB3D3E51D40400600F76DA6 /* OOP */,
				3FF930AF1D3D836F00EE3B12 /* DAO (Data Access Object) */,
				3FF930AE1D3D835700EE3B12 /* VO (Value Object) */,
			);
			name = Model;
			sourceTree = "<group>";
		};
		3FF930AC1D3D833600EE3B12 /* View */ = {
			isa = PBXGroup;
			children = (
				3FF930991D3D7FC100EE3B12 /* Main.storyboard */,
				3FF42B2E1D3D889C00839B88 /* Principal.storyboard */,
				3FF930A11D3D7FC100EE3B12 /* LaunchScreen.storyboard */,
			);
			name = View;
			sourceTree = "<group>";
		};
		3FF930AD1D3D833F00EE3B12 /* Controller */ = {
			isa = PBXGroup;
			children = (
				3FF930971D3D7FC100EE3B12 /* ViewController.swift */,
				3FC86EBC1D3D92AC006E5AD7 /* PrincipalTableViewController.swift */,
				3FC86EBE1D3D9351006E5AD7 /* PrincipalTableViewCell.swift */,
				3FDCAE551D3ED5E900F825CE /* ChartsViewController.swift */,
			);
			name = Controller;
			sourceTree = "<group>";
		};
		3FF930AE1D3D835700EE3B12 /* VO (Value Object) */ = {
			isa = PBXGroup;
			children = (
				3F0098801D3EF97A00F93F32 /* Despesa+CoreDataProperties.swift */,
				3F0098811D3EF97A00F93F32 /* Despesa.swift */,
				3F0098821D3EF97A00F93F32 /* Conta+CoreDataProperties.swift */,
				3F0098831D3EF97A00F93F32 /* Conta.swift */,
				3F0098841D3EF97A00F93F32 /* Moeda+CoreDataProperties.swift */,
				3F0098851D3EF97A00F93F32 /* Moeda.swift */,
				3F0098861D3EF97A00F93F32 /* Receita+CoreDataProperties.swift */,
				3F0098871D3EF97A00F93F32 /* Receita.swift */,
				3F0098881D3EF97A00F93F32 /* Usuario+CoreDataProperties.swift */,
				3F0098891D3EF97A00F93F32 /* Usuario.swift */,
			);
			name = "VO (Value Object)";
			sourceTree = "<group>";
		};
		3FF930AF1D3D836F00EE3B12 /* DAO (Data Access Object) */ = {
			isa = PBXGroup;
			children = (
				3FF9309C1D3D7FC100EE3B12 /* iMoney.xcdatamodeld */,
				3FF930F61D3D944900EE3B12 /* DespesaDAO.swift */,
				3FF930F81D3D95D100EE3B12 /* MoedaDAO.swift */,
				3FF930FC1D3D979B00EE3B12 /* ReceitaDAO.swift */,
				3FF930FA1D3D96B200EE3B12 /* UsuarioDAO.swift */,
				3FF930FE1D3D985900EE3B12 /* ContaDAO.swift */,
			);
			name = "DAO (Data Access Object)";
			sourceTree = "<group>";
		};
/* End PBXGroup section */

/* Begin PBXNativeTarget section */
		3FF930911D3D7FC100EE3B12 /* iMoney */ = {
			isa = PBXNativeTarget;
			buildConfigurationList = 3FF930A71D3D7FC100EE3B12 /* Build configuration list for PBXNativeTarget "iMoney" */;
			buildPhases = (
				3FF9308E1D3D7FC100EE3B12 /* Sources */,
				3FF9308F1D3D7FC100EE3B12 /* Frameworks */,
				3FF930901D3D7FC100EE3B12 /* Resources */,
				3FDCAE541D3ED55900F825CE /* Embed Frameworks */,
				3FDCAE6E1D3EDB1C00F825CE /* Embed PlugIns */,
			);
			buildRules = (
			);
			dependencies = (
				3F0F6ED51D4027920041B0B5 /* PBXTargetDependency */,
			);
			name = iMoney;
			productName = iMoney;
			productReference = 3FF930921D3D7FC100EE3B12 /* iMoney.app */;
			productType = "com.apple.product-type.application";
		};
/* End PBXNativeTarget section */

/* Begin PBXProject section */
		3FF9308A1D3D7FC100EE3B12 /* Project object */ = {
			isa = PBXProject;
			attributes = {
				LastSwiftUpdateCheck = 0730;
				LastUpgradeCheck = 0730;
				ORGANIZATIONNAME = Student;
				TargetAttributes = {
					3FF930911D3D7FC100EE3B12 = {
						CreatedOnToolsVersion = 7.3.1;
					};
				};
			};
			buildConfigurationList = 3FF9308D1D3D7FC100EE3B12 /* Build configuration list for PBXProject "iMoney" */;
			compatibilityVersion = "Xcode 3.2";
			developmentRegion = English;
			hasScannedForEncodings = 0;
			knownRegions = (
				en,
				Base,
			);
			mainGroup = 3FF930891D3D7FC100EE3B12;
			productRefGroup = 3FF930931D3D7FC100EE3B12 /* Products */;
			projectDirPath = "";
			projectReferences = (
				{
					ProductGroup = 3F0F6EC41D4027790041B0B5 /* Products */;
					ProjectRef = 3F0F6EC31D4027790041B0B5 /* Charts.xcodeproj */;
				},
			);
			projectRoot = "";
			targets = (
				3FF930911D3D7FC100EE3B12 /* iMoney */,
			);
		};
/* End PBXProject section */

/* Begin PBXReferenceProxy section */
		3F0F6ECB1D4027790041B0B5 /* Charts.framework */ = {
			isa = PBXReferenceProxy;
			fileType = wrapper.framework;
			path = Charts.framework;
			remoteRef = 3F0F6ECA1D4027790041B0B5 /* PBXContainerItemProxy */;
			sourceTree = BUILT_PRODUCTS_DIR;
		};
		3F0F6ECD1D4027790041B0B5 /* Charts.framework */ = {
			isa = PBXReferenceProxy;
			fileType = wrapper.framework;
			path = Charts.framework;
			remoteRef = 3F0F6ECC1D4027790041B0B5 /* PBXContainerItemProxy */;
			sourceTree = BUILT_PRODUCTS_DIR;
		};
		3F0F6ECF1D4027790041B0B5 /* Charts.framework */ = {
			isa = PBXReferenceProxy;
			fileType = wrapper.framework;
			path = Charts.framework;
			remoteRef = 3F0F6ECE1D4027790041B0B5 /* PBXContainerItemProxy */;
			sourceTree = BUILT_PRODUCTS_DIR;
		};
		3F0F6ED11D4027790041B0B5 /* ChartsTests.xctest */ = {
			isa = PBXReferenceProxy;
			fileType = wrapper.cfbundle;
			path = ChartsTests.xctest;
			remoteRef = 3F0F6ED01D4027790041B0B5 /* PBXContainerItemProxy */;
			sourceTree = BUILT_PRODUCTS_DIR;
		};
/* End PBXReferenceProxy section */

/* Begin PBXResourcesBuildPhase section */
		3FF930901D3D7FC100EE3B12 /* Resources */ = {
			isa = PBXResourcesBuildPhase;
			buildActionMask = 2147483647;
			files = (
				3FF930A31D3D7FC100EE3B12 /* LaunchScreen.storyboard in Resources */,
				3FDCAEC41D3EE2CA00F825CE /* BTNavigationDropdownMenu.bundle in Resources */,
				3FF42B2F1D3D889C00839B88 /* Principal.storyboard in Resources */,
				3FF930A01D3D7FC100EE3B12 /* Assets.xcassets in Resources */,
				3FF9309B1D3D7FC100EE3B12 /* Main.storyboard in Resources */,
			);
			runOnlyForDeploymentPostprocessing = 0;
		};
/* End PBXResourcesBuildPhase section */

/* Begin PBXSourcesBuildPhase section */
		3FF9308E1D3D7FC100EE3B12 /* Sources */ = {
			isa = PBXSourcesBuildPhase;
			buildActionMask = 2147483647;
			files = (
				3F0098941D3EF9A900F93F32 /* DespesaDAO.swift in Sources */,
				3F0098951D3EF9A900F93F32 /* MoedaDAO.swift in Sources */,
				3F0098961D3EF9A900F93F32 /* ReceitaDAO.swift in Sources */,
				3F0098971D3EF9A900F93F32 /* UsuarioDAO.swift in Sources */,
				3F0098981D3EF9A900F93F32 /* ContaDAO.swift in Sources */,
				3FF930981D3D7FC100EE3B12 /* ViewController.swift in Sources */,
				3F00988C1D3EF97A00F93F32 /* Conta+CoreDataProperties.swift in Sources */,
				3F0098901D3EF97A00F93F32 /* Receita+CoreDataProperties.swift in Sources */,
				3F00988E1D3EF97A00F93F32 /* Moeda+CoreDataProperties.swift in Sources */,
				3F0098931D3EF97A00F93F32 /* Usuario.swift in Sources */,
				3F00988D1D3EF97A00F93F32 /* Conta.swift in Sources */,
				3F00988B1D3EF97A00F93F32 /* Despesa.swift in Sources */,
				3FF930961D3D7FC100EE3B12 /* AppDelegate.swift in Sources */,
				3FB3D3D51D402D2500F76DA6 /* MoedaTipo.swift in Sources */,
				3FB3D3E21D40305500F76DA6 /* GestaoDespesa.swift in Sources */,
				3FB3D3DA1D402DEC00F76DA6 /* GestaoFinanceiraProtocol.swift in Sources */,
				3FDCAEC51D3EE2CA00F825CE /* BTNavigationDropdownMenu.swift in Sources */,
				3FB3D3DE1D402EAF00F76DA6 /* UsuarioApp.swift in Sources */,
				3F00988F1D3EF97A00F93F32 /* Moeda.swift in Sources */,
				3FB3D3E01D402F6D00F76DA6 /* GestaoReceita.swift in Sources */,
				3FB3D3DC1D402E7300F76DA6 /* ContaProtocol.swift in Sources */,
				3FC86EBD1D3D92AC006E5AD7 /* PrincipalTableViewController.swift in Sources */,
				3FDCAE561D3ED5E900F825CE /* ChartsViewController.swift in Sources */,
				3FF9309E1D3D7FC100EE3B12 /* iMoney.xcdatamodeld in Sources */,
				3F0098921D3EF97A00F93F32 /* Usuario+CoreDataProperties.swift in Sources */,
				3FB3D3E41D40317500F76DA6 /* ContaApp.swift in Sources */,
				3F00988A1D3EF97A00F93F32 /* Despesa+CoreDataProperties.swift in Sources */,
				3F0098911D3EF97A00F93F32 /* Receita.swift in Sources */,
				3FC86EBF1D3D9351006E5AD7 /* PrincipalTableViewCell.swift in Sources */,
			);
			runOnlyForDeploymentPostprocessing = 0;
		};
/* End PBXSourcesBuildPhase section */

/* Begin PBXTargetDependency section */
		3F0F6ED51D4027920041B0B5 /* PBXTargetDependency */ = {
			isa = PBXTargetDependency;
			name = "Charts-iOS";
			targetProxy = 3F0F6ED41D4027920041B0B5 /* PBXContainerItemProxy */;
		};
/* End PBXTargetDependency section */

/* Begin PBXVariantGroup section */
		3FF930991D3D7FC100EE3B12 /* Main.storyboard */ = {
			isa = PBXVariantGroup;
			children = (
				3FF9309A1D3D7FC100EE3B12 /* Base */,
			);
			name = Main.storyboard;
			sourceTree = "<group>";
		};
		3FF930A11D3D7FC100EE3B12 /* LaunchScreen.storyboard */ = {
			isa = PBXVariantGroup;
			children = (
				3FF930A21D3D7FC100EE3B12 /* Base */,
			);
			name = LaunchScreen.storyboard;
			sourceTree = "<group>";
		};
/* End PBXVariantGroup section */

/* Begin XCBuildConfiguration section */
		3FF930A51D3D7FC100EE3B12 /* Debug */ = {
			isa = XCBuildConfiguration;
			buildSettings = {
				ALWAYS_SEARCH_USER_PATHS = NO;
				CLANG_ANALYZER_NONNULL = YES;
				CLANG_CXX_LANGUAGE_STANDARD = "gnu++0x";
				CLANG_CXX_LIBRARY = "libc++";
				CLANG_ENABLE_MODULES = YES;
				CLANG_ENABLE_OBJC_ARC = YES;
				CLANG_WARN_BOOL_CONVERSION = YES;
				CLANG_WARN_CONSTANT_CONVERSION = YES;
				CLANG_WARN_DIRECT_OBJC_ISA_USAGE = YES_ERROR;
				CLANG_WARN_EMPTY_BODY = YES;
				CLANG_WARN_ENUM_CONVERSION = YES;
				CLANG_WARN_INT_CONVERSION = YES;
				CLANG_WARN_OBJC_ROOT_CLASS = YES_ERROR;
				CLANG_WARN_UNREACHABLE_CODE = YES;
				CLANG_WARN__DUPLICATE_METHOD_MATCH = YES;
				"CODE_SIGN_IDENTITY[sdk=iphoneos*]" = "iPhone Developer";
				COPY_PHASE_STRIP = NO;
				DEBUG_INFORMATION_FORMAT = dwarf;
				ENABLE_STRICT_OBJC_MSGSEND = YES;
				ENABLE_TESTABILITY = YES;
				GCC_C_LANGUAGE_STANDARD = gnu99;
				GCC_DYNAMIC_NO_PIC = NO;
				GCC_NO_COMMON_BLOCKS = YES;
				GCC_OPTIMIZATION_LEVEL = 0;
				GCC_PREPROCESSOR_DEFINITIONS = (
					"DEBUG=1",
					"$(inherited)",
				);
				GCC_WARN_64_TO_32_BIT_CONVERSION = YES;
				GCC_WARN_ABOUT_RETURN_TYPE = YES_ERROR;
				GCC_WARN_UNDECLARED_SELECTOR = YES;
				GCC_WARN_UNINITIALIZED_AUTOS = YES_AGGRESSIVE;
				GCC_WARN_UNUSED_FUNCTION = YES;
				GCC_WARN_UNUSED_VARIABLE = YES;
				IPHONEOS_DEPLOYMENT_TARGET = 9.3;
				MTL_ENABLE_DEBUG_INFO = YES;
				ONLY_ACTIVE_ARCH = YES;
				SDKROOT = iphoneos;
				SWIFT_OPTIMIZATION_LEVEL = "-Onone";
			};
			name = Debug;
		};
		3FF930A61D3D7FC100EE3B12 /* Release */ = {
			isa = XCBuildConfiguration;
			buildSettings = {
				ALWAYS_SEARCH_USER_PATHS = NO;
				CLANG_ANALYZER_NONNULL = YES;
				CLANG_CXX_LANGUAGE_STANDARD = "gnu++0x";
				CLANG_CXX_LIBRARY = "libc++";
				CLANG_ENABLE_MODULES = YES;
				CLANG_ENABLE_OBJC_ARC = YES;
				CLANG_WARN_BOOL_CONVERSION = YES;
				CLANG_WARN_CONSTANT_CONVERSION = YES;
				CLANG_WARN_DIRECT_OBJC_ISA_USAGE = YES_ERROR;
				CLANG_WARN_EMPTY_BODY = YES;
				CLANG_WARN_ENUM_CONVERSION = YES;
				CLANG_WARN_INT_CONVERSION = YES;
				CLANG_WARN_OBJC_ROOT_CLASS = YES_ERROR;
				CLANG_WARN_UNREACHABLE_CODE = YES;
				CLANG_WARN__DUPLICATE_METHOD_MATCH = YES;
				"CODE_SIGN_IDENTITY[sdk=iphoneos*]" = "iPhone Developer";
				COPY_PHASE_STRIP = NO;
				DEBUG_INFORMATION_FORMAT = "dwarf-with-dsym";
				ENABLE_NS_ASSERTIONS = NO;
				ENABLE_STRICT_OBJC_MSGSEND = YES;
				GCC_C_LANGUAGE_STANDARD = gnu99;
				GCC_NO_COMMON_BLOCKS = YES;
				GCC_WARN_64_TO_32_BIT_CONVERSION = YES;
				GCC_WARN_ABOUT_RETURN_TYPE = YES_ERROR;
				GCC_WARN_UNDECLARED_SELECTOR = YES;
				GCC_WARN_UNINITIALIZED_AUTOS = YES_AGGRESSIVE;
				GCC_WARN_UNUSED_FUNCTION = YES;
				GCC_WARN_UNUSED_VARIABLE = YES;
				IPHONEOS_DEPLOYMENT_TARGET = 9.3;
				MTL_ENABLE_DEBUG_INFO = NO;
				SDKROOT = iphoneos;
				VALIDATE_PRODUCT = YES;
			};
			name = Release;
		};
		3FF930A81D3D7FC100EE3B12 /* Debug */ = {
			isa = XCBuildConfiguration;
			buildSettings = {
				ASSETCATALOG_COMPILER_APPICON_NAME = AppIcon;
				EMBEDDED_CONTENT_CONTAINS_SWIFT = YES;
				INFOPLIST_FILE = iMoney/Info.plist;
				LD_RUNPATH_SEARCH_PATHS = "$(inherited) @executable_path/Frameworks";
				PRODUCT_BUNDLE_IDENTIFIER = app.iMoney;
				PRODUCT_NAME = "$(TARGET_NAME)";
			};
			name = Debug;
		};
		3FF930A91D3D7FC100EE3B12 /* Release */ = {
			isa = XCBuildConfiguration;
			buildSettings = {
				ASSETCATALOG_COMPILER_APPICON_NAME = AppIcon;
				EMBEDDED_CONTENT_CONTAINS_SWIFT = YES;
				INFOPLIST_FILE = iMoney/Info.plist;
				LD_RUNPATH_SEARCH_PATHS = "$(inherited) @executable_path/Frameworks";
				PRODUCT_BUNDLE_IDENTIFIER = app.iMoney;
				PRODUCT_NAME = "$(TARGET_NAME)";
			};
			name = Release;
		};
/* End XCBuildConfiguration section */

/* Begin XCConfigurationList section */
		3FF9308D1D3D7FC100EE3B12 /* Build configuration list for PBXProject "iMoney" */ = {
			isa = XCConfigurationList;
			buildConfigurations = (
				3FF930A51D3D7FC100EE3B12 /* Debug */,
				3FF930A61D3D7FC100EE3B12 /* Release */,
			);
			defaultConfigurationIsVisible = 0;
			defaultConfigurationName = Release;
		};
		3FF930A71D3D7FC100EE3B12 /* Build configuration list for PBXNativeTarget "iMoney" */ = {
			isa = XCConfigurationList;
			buildConfigurations = (
				3FF930A81D3D7FC100EE3B12 /* Debug */,
				3FF930A91D3D7FC100EE3B12 /* Release */,
			);
			defaultConfigurationIsVisible = 0;
			defaultConfigurationName = Release;
		};
/* End XCConfigurationList section */

/* Begin XCVersionGroup section */
		3FF9309C1D3D7FC100EE3B12 /* iMoney.xcdatamodeld */ = {
			isa = XCVersionGroup;
			children = (
				3FF9309D1D3D7FC100EE3B12 /* iMoney.xcdatamodel */,
			);
			currentVersion = 3FF9309D1D3D7FC100EE3B12 /* iMoney.xcdatamodel */;
			path = iMoney.xcdatamodeld;
			sourceTree = "<group>";
			versionGroupType = wrapper.xcdatamodel;
		};
/* End XCVersionGroup section */
	};
	rootObject = 3FF9308A1D3D7FC100EE3B12 /* Project object */;
}
